
Microsoft Visual Studio Solution File, Format Version 12.00
# Visual Studio Version 17
VisualStudioVersion = 17.11.35312.102
MinimumVisualStudioVersion = 10.0.40219.1
Project("{FAE04EC0-301F-11D3-BF4B-00C04F79EFBC}") = "CRUD", "CRUD\CRUD.csproj", "{F12B312E-B932-4C4B-9079-8B2F8E0CE55B}"
EndProject
Global
	GlobalSection(SolutionConfigurationPlatforms) = preSolution
		Debug|Any CPU = Debug|Any CPU
		Release|Any CPU = Release|Any CPU
	EndGlobalSection
	GlobalSection(ProjectConfigurationPlatforms) = postSolution
		{F12B312E-B932-4C4B-9079-8B2F8E0CE55B}.Debug|Any CPU.ActiveCfg = Debug|Any CPU
		{F12B312E-B932-4C4B-9079-8B2F8E0CE55B}.Debug|Any CPU.Build.0 = Debug|Any CPU
		{F12B312E-B932-4C4B-9079-8B2F8E0CE55B}.Release|Any CPU.ActiveCfg = Release|Any CPU
		{F12B312E-B932-4C4B-9079-8B2F8E0CE55B}.Release|Any CPU.Build.0 = Release|Any CPU
	EndGlobalSection
	GlobalSection(SolutionProperties) = preSolution
		HideSolutionNode = FALSE
	EndGlobalSection
	GlobalSection(ExtensibilityGlobals) = postSolution
		SolutionGuid = {4BB43AA9-4B4F-424F-9E0E-5BBC54239E32}
	EndGlobalSection
EndGlobal
